
Microsoft Visual Studio Solution File, Format Version 12.00
# Visual Studio Version 17
VisualStudioVersion = 17.6.33717.318
MinimumVisualStudioVersion = 10.0.40219.1
Project("{9A19103F-16F7-4668-BE54-9A1E7A4F7556}") = "Catalog.API", "Services\Catalag\Catalog.API\Catalog.API.csproj", "{B943D9D3-E46B-4D8A-AA94-6CAA75D6A6C1}"
EndProject
Project("{9A19103F-16F7-4668-BE54-9A1E7A4F7556}") = "IntegrationEventLogEF", "BuildingBlocks\EventBus\IntegrationEventLogEF\IntegrationEventLogEF.csproj", "{79C366B2-0201-4B7D-95D9-15EEC63F1F4F}"
EndProject
Project("{9A19103F-16F7-4668-BE54-9A1E7A4F7556}") = "EventBusServiceBus", "BuildingBlocks\EventBus\EventBusServiceBus\EventBusServiceBus.csproj", "{59B08740-0452-41B3-9329-CD57F2A3B231}"
EndProject
Project("{9A19103F-16F7-4668-BE54-9A1E7A4F7556}") = "EventBusRabbitMQ", "BuildingBlocks\EventBus\EventBusRabbitMQ\EventBusRabbitMQ.csproj", "{2E3A514A-3D7C-4158-94DA-35BFA4AAAB1E}"
EndProject
Project("{9A19103F-16F7-4668-BE54-9A1E7A4F7556}") = "EventBus", "BuildingBlocks\EventBus\EventBus\EventBus.csproj", "{D181A38E-1711-46E6-9CED-ECF6FB4DDED8}"
EndProject
Project("{9A19103F-16F7-4668-BE54-9A1E7A4F7556}") = "Services.Common", "Services\Services.Common\Services.Common.csproj", "{A07CC621-CD3F-4B07-B3D5-F1E883FA30B1}"
EndProject
Project("{2150E333-8FDC-42A3-9474-1A3956D46DE8}") = "Solution Items", "Solution Items", "{CAEFA900-4758-4266-855E-DEBD0243BA57}"
	ProjectSection(SolutionItems) = preProject
		.dockerignore = .dockerignore
		.env = .env
		Create-DockerfileSolutionRestore.ps1 = Create-DockerfileSolutionRestore.ps1
		docker-compose-tests.override.yml = docker-compose-tests.override.yml
		docker-compose-tests.yml = docker-compose-tests.yml
		docker-compose-windows.prod.yml = docker-compose-windows.prod.yml
		docker-compose.dcproj = docker-compose.dcproj
		docker-compose.elk.yml = docker-compose.elk.yml
		docker-compose.override.windows.yml = docker-compose.override.windows.yml
		docker-compose.override.yml = docker-compose.override.yml
		docker-compose.prod.yml = docker-compose.prod.yml
		docker-compose.windows.yml = docker-compose.windows.yml
		docker-compose.yml = docker-compose.yml
		launchSettings.json = launchSettings.json
		run-test-infrastructure.ps1 = run-test-infrastructure.ps1
	EndProjectSection
EndProject
Project("{FAE04EC0-301F-11D3-BF4B-00C04F79EFBC}") = "Catalog.FunctionalTests", "Services\Catalag\Catalog.FunctionalTests\Catalog.FunctionalTests.csproj", "{E39C0034-F7E6-4F6F-9A7C-6FB3768DF13E}"
EndProject
Global
	GlobalSection(SolutionConfigurationPlatforms) = preSolution
		Debug|Any CPU = Debug|Any CPU
		Release|Any CPU = Release|Any CPU
	EndGlobalSection
	GlobalSection(ProjectConfigurationPlatforms) = postSolution
		{B943D9D3-E46B-4D8A-AA94-6CAA75D6A6C1}.Debug|Any CPU.ActiveCfg = Debug|Any CPU
		{B943D9D3-E46B-4D8A-AA94-6CAA75D6A6C1}.Debug|Any CPU.Build.0 = Debug|Any CPU
		{B943D9D3-E46B-4D8A-AA94-6CAA75D6A6C1}.Release|Any CPU.ActiveCfg = Release|Any CPU
		{B943D9D3-E46B-4D8A-AA94-6CAA75D6A6C1}.Release|Any CPU.Build.0 = Release|Any CPU
		{79C366B2-0201-4B7D-95D9-15EEC63F1F4F}.Debug|Any CPU.ActiveCfg = Debug|Any CPU
		{79C366B2-0201-4B7D-95D9-15EEC63F1F4F}.Debug|Any CPU.Build.0 = Debug|Any CPU
		{79C366B2-0201-4B7D-95D9-15EEC63F1F4F}.Release|Any CPU.ActiveCfg = Release|Any CPU
		{79C366B2-0201-4B7D-95D9-15EEC63F1F4F}.Release|Any CPU.Build.0 = Release|Any CPU
		{59B08740-0452-41B3-9329-CD57F2A3B231}.Debug|Any CPU.ActiveCfg = Debug|Any CPU
		{59B08740-0452-41B3-9329-CD57F2A3B231}.Debug|Any CPU.Build.0 = Debug|Any CPU
		{59B08740-0452-41B3-9329-CD57F2A3B231}.Release|Any CPU.ActiveCfg = Release|Any CPU
		{59B08740-0452-41B3-9329-CD57F2A3B231}.Release|Any CPU.Build.0 = Release|Any CPU
		{2E3A514A-3D7C-4158-94DA-35BFA4AAAB1E}.Debug|Any CPU.ActiveCfg = Debug|Any CPU
		{2E3A514A-3D7C-4158-94DA-35BFA4AAAB1E}.Debug|Any CPU.Build.0 = Debug|Any CPU
		{2E3A514A-3D7C-4158-94DA-35BFA4AAAB1E}.Release|Any CPU.ActiveCfg = Release|Any CPU
		{2E3A514A-3D7C-4158-94DA-35BFA4AAAB1E}.Release|Any CPU.Build.0 = Release|Any CPU
		{D181A38E-1711-46E6-9CED-ECF6FB4DDED8}.Debug|Any CPU.ActiveCfg = Debug|Any CPU
		{D181A38E-1711-46E6-9CED-ECF6FB4DDED8}.Debug|Any CPU.Build.0 = Debug|Any CPU
		{D181A38E-1711-46E6-9CED-ECF6FB4DDED8}.Release|Any CPU.ActiveCfg = Release|Any CPU
		{D181A38E-1711-46E6-9CED-ECF6FB4DDED8}.Release|Any CPU.Build.0 = Release|Any CPU
		{A07CC621-CD3F-4B07-B3D5-F1E883FA30B1}.Debug|Any CPU.ActiveCfg = Debug|Any CPU
		{A07CC621-CD3F-4B07-B3D5-F1E883FA30B1}.Debug|Any CPU.Build.0 = Debug|Any CPU
		{A07CC621-CD3F-4B07-B3D5-F1E883FA30B1}.Release|Any CPU.ActiveCfg = Release|Any CPU
		{A07CC621-CD3F-4B07-B3D5-F1E883FA30B1}.Release|Any CPU.Build.0 = Release|Any CPU
		{E39C0034-F7E6-4F6F-9A7C-6FB3768DF13E}.Debug|Any CPU.ActiveCfg = Debug|Any CPU
		{E39C0034-F7E6-4F6F-9A7C-6FB3768DF13E}.Debug|Any CPU.Build.0 = Debug|Any CPU
		{E39C0034-F7E6-4F6F-9A7C-6FB3768DF13E}.Release|Any CPU.ActiveCfg = Release|Any CPU
		{E39C0034-F7E6-4F6F-9A7C-6FB3768DF13E}.Release|Any CPU.Build.0 = Release|Any CPU
	EndGlobalSection
	GlobalSection(SolutionProperties) = preSolution
		HideSolutionNode = FALSE
	EndGlobalSection
	GlobalSection(ExtensibilityGlobals) = postSolution
		SolutionGuid = {88191E4E-6D19-4044-9DBF-DB588B1304B5}
	EndGlobalSection
EndGlobal
